{
  "object": {
    "pins": [
      {
        "package": "AEXML",
        "repositoryURL": "https://github.com/HeMet/AEXML.git",
        "state": {
          "branch": "win-support",
          "revision": "6e1d2e2b70df280cdabd15ffb087e82ce746aab4",
          "version": null
        }
      },
      {
        "package": "Commander",
        "repositoryURL": "https://github.com/HeMet/Commander.git",
        "state": {
          "branch": "win-support",
          "revision": "539aa0934137d46670770002a09b22475ae8bfd3",
          "version": null
        }
      },
      {
        "package": "PathKit",
        "repositoryURL": "https://github.com/HeMet/PathKit.git",
        "state": {
          "branch": "win-support",
          "revision": "976f3e59fcc4a677177d658101ae1d35e2a40fb9",
          "version": null
        }
      },
      {
        "package": "Spectre",
        "repositoryURL": "https://github.com/HeMet/Spectre.git",
        "state": {
          "branch": "win-support",
          "revision": "32d492769bd4949c5a6ecc8bdc2c96bf1d02bd10",
          "version": null
        }
      },
      {
        "package": "Stencil",
        "repositoryURL": "https://github.com/HeMet/Stencil.git",
        "state": {
          "branch": "win-support",
          "revision": "6694456349131ed5c7fa3967d9e8b413e990b0bd",
          "version": null
        }
      },
      {
        "package": "StencilSwiftKit",
        "repositoryURL": "https://github.com/HeMet/StencilSwiftKit.git",
        "state": {
          "branch": "win-support",
          "revision": "862c162bcb5e8c6f90f6a5dda6111516f837a59e",
          "version": null
        }
      },
      {
        "package": "SwiftSyntax",
        "repositoryURL": "https://github.com/HeMet/swift-syntax.git",
        "state": {
          "branch": "win-support",
          "revision": "f4a114301e0d5430736c9b225a74c65f59b1d3a0",
          "version": null
        }
      },
      {
        "package": "XcodeProj",
        "repositoryURL": "https://github.com/HeMet/xcodeproj",
        "state": {
          "branch": "win-support",
          "revision": "a6ac9382fcc4f993cdc8d866dd33fe53e5f69918",
          "version": null
        }
      },
      {
        "package": "Yams",
        "repositoryURL": "https://github.com/HeMet/Yams.git",
        "state": {
          "branch": "win-support",
          "revision": "56448dde911830e88611b263352abb31e7abb2f4",
          "version": null
        }
      }
    ]
  },
  "version": 1
}
