{
  "object": {
    "pins": [
      {
        "package": "AEXML",
        "repositoryURL": "https://github.com/HeMet/AEXML.git",
        "state": {
          "branch": "win-support",
          "revision": "d193a65c7e27d085dc21e411eed0118c78e268d0",
          "version": null
        }
      },
      {
        "package": "Commander",
        "repositoryURL": "https://github.com/HeMet/Commander.git",
        "state": {
          "branch": "win-support",
          "revision": "9a460e3ebb5fbd6eac363eb06736f6b8e402c9fb",
          "version": null
        }
      },
      {
        "package": "Nimble",
        "repositoryURL": "https://github.com/HeMet/Nimble.git",
        "state": {
          "branch": "win-support",
          "revision": "ec4f22089a2a1c6ab4f9d418eea44f06c2164684",
          "version": null
        }
      },
      {
        "package": "PathKit",
        "repositoryURL": "https://github.com/HeMet/PathKit.git",
        "state": {
          "branch": "win-support",
          "revision": "0ce2e702e07f7e0f126986d497ead86c7f31777b",
          "version": null
        }
      },
      {
        "package": "Quick",
        "repositoryURL": "https://github.com/Quick/Quick.git",
        "state": {
          "branch": null,
          "revision": "8cce6acd38f965f5baa3167b939f86500314022b",
          "version": "3.1.2"
        }
      },
      {
        "package": "Spectre",
        "repositoryURL": "https://github.com/HeMet/Spectre.git",
        "state": {
          "branch": "win-support",
          "revision": "f0a197e17236de6bbba14c7031a80ea69d615ad5",
          "version": null
        }
      },
      {
        "package": "Stencil",
        "repositoryURL": "https://github.com/HeMet/Stencil.git",
        "state": {
          "branch": "win-support",
          "revision": "5e15861d9bd9a01743f91200f511f09e8acc700a",
          "version": null
        }
      },
      {
        "package": "StencilSwiftKit",
        "repositoryURL": "https://github.com/HeMet/StencilSwiftKit.git",
        "state": {
          "branch": "win-support",
          "revision": "03d7d71fd3ceaf125d9ce7f01ba5c22dd1296263",
          "version": null
        }
      },
      {
        "package": "SwiftSyntax",
        "repositoryURL": "https://github.com/HeMet/swift-syntax.git",
        "state": {
          "branch": "win-support",
          "revision": "42e45bdd13495b4c07cff372c17a99ab3964a917",
          "version": null
        }
      },
      {
        "package": "XcodeProj",
        "repositoryURL": "https://github.com/HeMet/xcodeproj",
        "state": {
          "branch": "win-support",
          "revision": "0a64094e0040143f4e7636820a6fcf821e4883de",
          "version": null
        }
      },
      {
        "package": "Yams",
        "repositoryURL": "https://github.com/HeMet/Yams.git",
        "state": {
          "branch": "win-support",
          "revision": "ad10724a851a98884791f7218100e7bc361b5c54",
          "version": null
        }
      }
    ]
  },
  "version": 1
}
